{
    "version": 3,
    "terraform_version": "0.11.10",
    "serial": 4,
    "lineage": "e1d0ef71-6b49-e533-5b16-9834df77c7fd",
    "modules": [
        {
            "path": [
                "root"
            ],
            "outputs": {
                "ip": {
                    "sensitive": false,
                    "type": "string",
                    "value": "52.200.55.253"
                }
            },
            "resources": {
                "aws_instance.example": {
                    "type": "aws_instance",
                    "depends_on": [],
                    "primary": {
                        "id": "i-0be7144755f2ca600",
                        "attributes": {
                            "ami": "ami-0f9351b59be17920e",
                            "arn": "arn:aws:ec2:us-east-1:213106496011:instance/i-0be7144755f2ca600",
                            "associate_public_ip_address": "true",
                            "availability_zone": "us-east-1b",
                            "cpu_core_count": "1",
                            "cpu_threads_per_core": "1",
                            "credit_specification.#": "1",
                            "credit_specification.0.cpu_credits": "standard",
                            "disable_api_termination": "false",
                            "ebs_block_device.#": "0",
                            "ebs_optimized": "false",
                            "ephemeral_block_device.#": "0",
                            "get_password_data": "false",
                            "iam_instance_profile": "",
                            "id": "i-0be7144755f2ca600",
                            "instance_state": "running",
                            "instance_type": "t2.micro",
                            "ipv6_addresses.#": "0",
                            "key_name": "",
                            "monitoring": "false",
                            "network_interface.#": "0",
                            "network_interface_id": "eni-0e08b5173f8759c6d",
                            "password_data": "",
                            "placement_group": "",
                            "primary_network_interface_id": "eni-0e08b5173f8759c6d",
                            "private_dns": "ip-172-31-38-123.ec2.internal",
                            "private_ip": "172.31.38.123",
                            "public_dns": "ec2-52-200-55-253.compute-1.amazonaws.com",
                            "public_ip": "52.200.55.253",
                            "root_block_device.#": "1",
                            "root_block_device.0.delete_on_termination": "true",
                            "root_block_device.0.iops": "100",
                            "root_block_device.0.volume_id": "vol-0065ef253924e2164",
                            "root_block_device.0.volume_size": "8",
                            "root_block_device.0.volume_type": "gp2",
                            "security_groups.#": "1",
                            "security_groups.3814588639": "default",
                            "source_dest_check": "true",
                            "subnet_id": "subnet-7676d02a",
                            "tags.%": "1",
                            "tags.Name": "output",
                            "tenancy": "default",
                            "volume_tags.%": "0",
                            "vpc_security_group_ids.#": "1",
                            "vpc_security_group_ids.2765094984": "sg-294f0862"
                        },
                        "meta": {
                            "e2bfb730-ecaa-11e6-8f88-34363bc7c4c0": {
                                "create": 600000000000,
                                "delete": 1200000000000,
                                "update": 600000000000
                            },
                            "schema_version": "1"
                        },
                        "tainted": false
                    },
                    "deposed": [],
                    "provider": "provider.aws"
                }
            },
            "depends_on": []
        }
    ]
}
