{
    "version": 3,
    "terraform_version": "0.11.10",
    "serial": 4,
    "lineage": "b12651dd-7412-d18f-cc3b-88f79d64d4df",
    "modules": [
        {
            "path": [
                "root"
            ],
            "outputs": {},
            "resources": {
                "aws_instance.example": {
                    "type": "aws_instance",
                    "depends_on": [],
                    "primary": {
                        "id": "i-03883993dfdb58a5c",
                        "attributes": {
                            "ami": "ami-0f9351b59be17920e",
                            "arn": "arn:aws:ec2:us-east-1:213106496011:instance/i-03883993dfdb58a5c",
                            "associate_public_ip_address": "true",
                            "availability_zone": "us-east-1d",
                            "cpu_core_count": "1",
                            "cpu_threads_per_core": "1",
                            "credit_specification.#": "1",
                            "credit_specification.0.cpu_credits": "standard",
                            "disable_api_termination": "false",
                            "ebs_block_device.#": "0",
                            "ebs_optimized": "false",
                            "ephemeral_block_device.#": "0",
                            "get_password_data": "false",
                            "iam_instance_profile": "",
                            "id": "i-03883993dfdb58a5c",
                            "instance_state": "running",
                            "instance_type": "t2.micro",
                            "ipv6_addresses.#": "0",
                            "key_name": "",
                            "monitoring": "false",
                            "network_interface.#": "0",
                            "network_interface_id": "eni-02d9123b2dd8f28b4",
                            "password_data": "",
                            "placement_group": "",
                            "primary_network_interface_id": "eni-02d9123b2dd8f28b4",
                            "private_dns": "ip-172-31-85-176.ec2.internal",
                            "private_ip": "172.31.85.176",
                            "public_dns": "ec2-18-233-100-146.compute-1.amazonaws.com",
                            "public_ip": "18.233.100.146",
                            "root_block_device.#": "1",
                            "root_block_device.0.delete_on_termination": "true",
                            "root_block_device.0.iops": "100",
                            "root_block_device.0.volume_id": "vol-021107276d46ca5eb",
                            "root_block_device.0.volume_size": "8",
                            "root_block_device.0.volume_type": "gp2",
                            "security_groups.#": "1",
                            "security_groups.3814588639": "default",
                            "source_dest_check": "true",
                            "subnet_id": "subnet-d35bfbfd",
                            "tags.%": "1",
                            "tags.Name": "first-step",
                            "tenancy": "default",
                            "volume_tags.%": "0",
                            "vpc_security_group_ids.#": "1",
                            "vpc_security_group_ids.2765094984": "sg-294f0862"
                        },
                        "meta": {
                            "e2bfb730-ecaa-11e6-8f88-34363bc7c4c0": {
                                "create": 600000000000,
                                "delete": 1200000000000,
                                "update": 600000000000
                            },
                            "schema_version": "1"
                        },
                        "tainted": false
                    },
                    "deposed": [],
                    "provider": "provider.aws"
                }
            },
            "depends_on": []
        }
    ]
}
