{
    "version": 3,
    "terraform_version": "0.11.10",
    "serial": 9,
    "lineage": "09a7d230-9b4d-b3f4-ff09-5d577ae4b64a",
    "modules": [
        {
            "path": [
                "root"
            ],
            "outputs": {},
            "resources": {
                "aws_instance.example": {
                    "type": "aws_instance",
                    "depends_on": [
                        "aws_key_pair.mykey"
                    ],
                    "primary": {
                        "id": "i-008353560b1b5fe39",
                        "attributes": {
                            "ami": "ami-0f9351b59be17920e",
                            "arn": "arn:aws:ec2:us-east-1:213106496011:instance/i-008353560b1b5fe39",
                            "associate_public_ip_address": "true",
                            "availability_zone": "us-east-1b",
                            "cpu_core_count": "1",
                            "cpu_threads_per_core": "1",
                            "credit_specification.#": "1",
                            "credit_specification.0.cpu_credits": "standard",
                            "disable_api_termination": "false",
                            "ebs_block_device.#": "0",
                            "ebs_optimized": "false",
                            "ephemeral_block_device.#": "0",
                            "get_password_data": "false",
                            "iam_instance_profile": "",
                            "id": "i-008353560b1b5fe39",
                            "instance_state": "running",
                            "instance_type": "t2.micro",
                            "ipv6_addresses.#": "0",
                            "key_name": "mykey",
                            "monitoring": "false",
                            "network_interface.#": "0",
                            "network_interface_id": "eni-029fe7b6a29b6f92e",
                            "password_data": "",
                            "placement_group": "",
                            "primary_network_interface_id": "eni-029fe7b6a29b6f92e",
                            "private_dns": "ip-172-31-42-0.ec2.internal",
                            "private_ip": "172.31.42.0",
                            "public_dns": "ec2-54-173-25-26.compute-1.amazonaws.com",
                            "public_ip": "54.173.25.26",
                            "root_block_device.#": "1",
                            "root_block_device.0.delete_on_termination": "true",
                            "root_block_device.0.iops": "100",
                            "root_block_device.0.volume_id": "vol-0d9db3b1acc5a80e9",
                            "root_block_device.0.volume_size": "8",
                            "root_block_device.0.volume_type": "gp2",
                            "security_groups.#": "1",
                            "security_groups.3814588639": "default",
                            "source_dest_check": "true",
                            "subnet_id": "subnet-7676d02a",
                            "tags.%": "1",
                            "tags.Name": "provisioning",
                            "tenancy": "default",
                            "volume_tags.%": "0",
                            "vpc_security_group_ids.#": "1",
                            "vpc_security_group_ids.2765094984": "sg-294f0862"
                        },
                        "meta": {
                            "e2bfb730-ecaa-11e6-8f88-34363bc7c4c0": {
                                "create": 600000000000,
                                "delete": 1200000000000,
                                "update": 600000000000
                            },
                            "schema_version": "1"
                        },
                        "tainted": false
                    },
                    "deposed": [],
                    "provider": "provider.aws"
                },
                "aws_key_pair.mykey": {
                    "type": "aws_key_pair",
                    "depends_on": [],
                    "primary": {
                        "id": "mykey",
                        "attributes": {
                            "fingerprint": "82:2c:31:8f:f1:c8:f3:07:31:38:c1:27:6f:08:c9:53",
                            "id": "mykey",
                            "key_name": "mykey",
                            "public_key": "ssh-rsa AAAAB3NzaC1yc2EAAAADAQABAAABAQDqo1QsSiZcfNzJyQ4Tr9GLD1MtkSkxzyWp+BO3gzm3lHL7KIRGlTAytxTalJsRLgYjX3NXNnmhi49rGUJr9vjS/UasgWnvTSjqkOpokwXHqYK+Pl79h0L38EIbngG1N5R0LFZD1A51RSHIBPwmotS16Jh6/cjXxxMKvNCwGnVb6oumjJFGTL/YWTF1P3zfy/iD6zsdD2nRBk8HgY2y9/zNgumO8DGCr1Lv/zpQnYlTTeqKFlF7lyeFtDWnQ2F85T+/ccIxjj8/GtZ7j8E5rzRoKqiuoD+CwuxTj4lhWA0qr/UZCapzwwblEesXLmYYpKYzgMJA3qrF2BAKld/WvM5J thiago@thiago-Inspiron-5558"
                        },
                        "meta": {
                            "schema_version": "1"
                        },
                        "tainted": false
                    },
                    "deposed": [],
                    "provider": "provider.aws"
                }
            },
            "depends_on": []
        }
    ]
}
